# THIS IS AN AUTOGENERATED FILE. DO NOT EDIT THIS FILE DIRECTLY.
# yarn lockfile v1


"@react-native-firebase/storage@^17.3.0":
  version "17.3.0"
  resolved "https://registry.yarnpkg.com/@react-native-firebase/storage/-/storage-17.3.0.tgz#21b2b766754c51e9da5ffd8a7880a50fe7cd4ce9"
  integrity sha512-SsnEirsL4Vi5quvi56iFBA5s3WSNYo2QPkoemR6C/XuF7FAkAD8JXVaVIfHJs2B3DKXn5KSHnbzIgsLWF4o0Xg==
